// !$*UTF8*$!
{
	archiveVersion = 1;
	classes = {
	};
	objectVersion = 77;
	objects = {

/* Begin PBXBuildFile section */
		0F45F5F12E517D3800AF175E /* LogListHeaderView.swift in Sources */ = {isa = PBXBuildFile; fileRef = 0F45F5F02E517D3600AF175E /* LogListHeaderView.swift */; };
		0F45F5F72E517DF700AF175E /* LogListSectionView.swift in Sources */ = {isa = PBXBuildFile; fileRef = 0F45F5F62E517DF100AF175E /* LogListSectionView.swift */; };
		0F45F5F92E517E1E00AF175E /* LogRowView.swift in Sources */ = {isa = PBXBuildFile; fileRef = 0F45F5F82E517E1900AF175E /* LogRowView.swift */; };
		0F45F5FB2E517F8700AF175E /* LogMilestoneSectionView.swift in Sources */ = {isa = PBXBuildFile; fileRef = 0F45F5FA2E517F7B00AF175E /* LogMilestoneSectionView.swift */; };
		0F45F5FD2E517FB800AF175E /* LogMilestoneHeaderView.swift in Sources */ = {isa = PBXBuildFile; fileRef = 0F45F5FC2E517FB000AF175E /* LogMilestoneHeaderView.swift */; };
		0F45F5FF2E51802100AF175E /* LogChartHeaderView.swift in Sources */ = {isa = PBXBuildFile; fileRef = 0F45F5FE2E51801A00AF175E /* LogChartHeaderView.swift */; };
		0F45F6012E51804F00AF175E /* LogChartView.swift in Sources */ = {isa = PBXBuildFile; fileRef = 0F45F6002E51804B00AF175E /* LogChartView.swift */; };
		0F45F6032E51807B00AF175E /* ContentHeaderView.swift in Sources */ = {isa = PBXBuildFile; fileRef = 0F45F6022E51807300AF175E /* ContentHeaderView.swift */; };
		0F45F6052E51819100AF175E /* YearMonthPicker.swift in Sources */ = {isa = PBXBuildFile; fileRef = 0F45F6042E51818400AF175E /* YearMonthPicker.swift */; };
		0F7CC7A62E509B8F0042DA79 /* EmojisSeed.swift in Sources */ = {isa = PBXBuildFile; fileRef = 0F7CC7A52E509B820042DA79 /* EmojisSeed.swift */; };
		350690862E49AD5B008FED38 /* Assets.xcassets in Resources */ = {isa = PBXBuildFile; fileRef = 350690822E49AD5B008FED38 /* Assets.xcassets */; };
		350690872E49AD5B008FED38 /* HomeView.swift in Sources */ = {isa = PBXBuildFile; fileRef = 350690832E49AD5B008FED38 /* HomeView.swift */; };
		350690882E49AD5B008FED38 /* RemembranceApp.swift in Sources */ = {isa = PBXBuildFile; fileRef = 350690842E49AD5B008FED38 /* RemembranceApp.swift */; };
		3506908C2E49B94D008FED38 /* SettingView.swift in Sources */ = {isa = PBXBuildFile; fileRef = 3506908B2E49B94D008FED38 /* SettingView.swift */; };
		350690902E49BB53008FED38 /* OnBoardingView.swift in Sources */ = {isa = PBXBuildFile; fileRef = 3506908F2E49BB53008FED38 /* OnBoardingView.swift */; };
		350690982E49C658008FED38 /* ContentListView.swift in Sources */ = {isa = PBXBuildFile; fileRef = 350690972E49C658008FED38 /* ContentListView.swift */; };
		3506909A2E49CF17008FED38 /* ListDetailView.swift in Sources */ = {isa = PBXBuildFile; fileRef = 350690992E49CF17008FED38 /* ListDetailView.swift */; };
		350690C72E4C1CB8008FED38 /* LogModel.swift in Sources */ = {isa = PBXBuildFile; fileRef = 350690C52E4C1CB8008FED38 /* LogModel.swift */; };
		6991FF612E52EBF000D09FC9 /* Emotion.swift in Sources */ = {isa = PBXBuildFile; fileRef = 6991FF602E52EBD700D09FC9 /* Emotion.swift */; };
		6991FF632E52F2A200D09FC9 /* Extention.swift in Sources */ = {isa = PBXBuildFile; fileRef = 6991FF622E52F29E00D09FC9 /* Extention.swift */; };
		6991FF652E52F41900D09FC9 /* ThemeUtils.swift in Sources */ = {isa = PBXBuildFile; fileRef = 6991FF642E52F40600D09FC9 /* ThemeUtils.swift */; };
		6991FF682E52FF3400D09FC9 /* ThemeManager.swift in Sources */ = {isa = PBXBuildFile; fileRef = 6991FF672E52FF2E00D09FC9 /* ThemeManager.swift */; };
		6B90391D2E4AD57C006ED1DA /* NewLogView.swift in Sources */ = {isa = PBXBuildFile; fileRef = 6B90391C2E4AD57C006ED1DA /* NewLogView.swift */; };
/* End PBXBuildFile section */

/* Begin PBXFileReference section */
		0F45F5F02E517D3600AF175E /* LogListHeaderView.swift */ = {isa = PBXFileReference; lastKnownFileType = sourcecode.swift; path = LogListHeaderView.swift; sourceTree = "<group>"; };
		0F45F5F62E517DF100AF175E /* LogListSectionView.swift */ = {isa = PBXFileReference; lastKnownFileType = sourcecode.swift; path = LogListSectionView.swift; sourceTree = "<group>"; };
		0F45F5F82E517E1900AF175E /* LogRowView.swift */ = {isa = PBXFileReference; lastKnownFileType = sourcecode.swift; path = LogRowView.swift; sourceTree = "<group>"; };
		0F45F5FA2E517F7B00AF175E /* LogMilestoneSectionView.swift */ = {isa = PBXFileReference; lastKnownFileType = sourcecode.swift; path = LogMilestoneSectionView.swift; sourceTree = "<group>"; };
		0F45F5FC2E517FB000AF175E /* LogMilestoneHeaderView.swift */ = {isa = PBXFileReference; lastKnownFileType = sourcecode.swift; path = LogMilestoneHeaderView.swift; sourceTree = "<group>"; };
		0F45F5FE2E51801A00AF175E /* LogChartHeaderView.swift */ = {isa = PBXFileReference; lastKnownFileType = sourcecode.swift; path = LogChartHeaderView.swift; sourceTree = "<group>"; };
		0F45F6002E51804B00AF175E /* LogChartView.swift */ = {isa = PBXFileReference; lastKnownFileType = sourcecode.swift; path = LogChartView.swift; sourceTree = "<group>"; };
		0F45F6022E51807300AF175E /* ContentHeaderView.swift */ = {isa = PBXFileReference; lastKnownFileType = sourcecode.swift; path = ContentHeaderView.swift; sourceTree = "<group>"; };
		0F45F6042E51818400AF175E /* YearMonthPicker.swift */ = {isa = PBXFileReference; lastKnownFileType = sourcecode.swift; path = YearMonthPicker.swift; sourceTree = "<group>"; };
		0F7CC7A52E509B820042DA79 /* EmojisSeed.swift */ = {isa = PBXFileReference; lastKnownFileType = sourcecode.swift; path = EmojisSeed.swift; sourceTree = "<group>"; };
		350690672E49A879008FED38 /* Remembrance.app */ = {isa = PBXFileReference; explicitFileType = wrapper.application; includeInIndex = 0; path = Remembrance.app; sourceTree = BUILT_PRODUCTS_DIR; };
		350690822E49AD5B008FED38 /* Assets.xcassets */ = {isa = PBXFileReference; lastKnownFileType = folder.assetcatalog; path = Assets.xcassets; sourceTree = "<group>"; };
		350690832E49AD5B008FED38 /* HomeView.swift */ = {isa = PBXFileReference; lastKnownFileType = sourcecode.swift; path = HomeView.swift; sourceTree = "<group>"; };
		350690842E49AD5B008FED38 /* RemembranceApp.swift */ = {isa = PBXFileReference; lastKnownFileType = sourcecode.swift; path = RemembranceApp.swift; sourceTree = "<group>"; };
		3506908B2E49B94D008FED38 /* SettingView.swift */ = {isa = PBXFileReference; lastKnownFileType = sourcecode.swift; path = SettingView.swift; sourceTree = "<group>"; };
		3506908F2E49BB53008FED38 /* OnBoardingView.swift */ = {isa = PBXFileReference; lastKnownFileType = sourcecode.swift; path = OnBoardingView.swift; sourceTree = "<group>"; };
		350690972E49C658008FED38 /* ContentListView.swift */ = {isa = PBXFileReference; lastKnownFileType = sourcecode.swift; path = ContentListView.swift; sourceTree = "<group>"; };
		350690992E49CF17008FED38 /* ListDetailView.swift */ = {isa = PBXFileReference; lastKnownFileType = sourcecode.swift; path = ListDetailView.swift; sourceTree = "<group>"; };
		350690C52E4C1CB8008FED38 /* LogModel.swift */ = {isa = PBXFileReference; lastKnownFileType = sourcecode.swift; path = LogModel.swift; sourceTree = "<group>"; };
		6991FF602E52EBD700D09FC9 /* Emotion.swift */ = {isa = PBXFileReference; lastKnownFileType = sourcecode.swift; path = Emotion.swift; sourceTree = "<group>"; };
		6991FF622E52F29E00D09FC9 /* Extention.swift */ = {isa = PBXFileReference; lastKnownFileType = sourcecode.swift; path = Extention.swift; sourceTree = "<group>"; };
		6991FF642E52F40600D09FC9 /* ThemeUtils.swift */ = {isa = PBXFileReference; lastKnownFileType = sourcecode.swift; path = ThemeUtils.swift; sourceTree = "<group>"; };
		6991FF672E52FF2E00D09FC9 /* ThemeManager.swift */ = {isa = PBXFileReference; lastKnownFileType = sourcecode.swift; path = ThemeManager.swift; sourceTree = "<group>"; };
		6B90391C2E4AD57C006ED1DA /* NewLogView.swift */ = {isa = PBXFileReference; lastKnownFileType = sourcecode.swift; path = NewLogView.swift; sourceTree = "<group>"; };
/* End PBXFileReference section */

/* Begin PBXFrameworksBuildPhase section */
		350690642E49A879008FED38 /* Frameworks */ = {
			isa = PBXFrameworksBuildPhase;
			buildActionMask = 2147483647;
			files = (
			);
			runOnlyForDeploymentPostprocessing = 0;
		};
/* End PBXFrameworksBuildPhase section */

/* Begin PBXGroup section */
		0F45F5EB2E517C6500AF175E /* LogList */ = {
			isa = PBXGroup;
			children = (
				0F45F5F02E517D3600AF175E /* LogListHeaderView.swift */,
				0F45F5F62E517DF100AF175E /* LogListSectionView.swift */,
				0F45F5F82E517E1900AF175E /* LogRowView.swift */,
			);
			path = LogList;
			sourceTree = "<group>";
		};
		0F45F5EC2E517C6900AF175E /* LogMilestone */ = {
			isa = PBXGroup;
			children = (
				0F45F5FC2E517FB000AF175E /* LogMilestoneHeaderView.swift */,
				0F45F5FA2E517F7B00AF175E /* LogMilestoneSectionView.swift */,
			);
			path = LogMilestone;
			sourceTree = "<group>";
		};
		0F45F5ED2E517C9E00AF175E /* LogChart */ = {
			isa = PBXGroup;
			children = (
				0F45F5FE2E51801A00AF175E /* LogChartHeaderView.swift */,
				0F45F6002E51804B00AF175E /* LogChartView.swift */,
			);
			path = LogChart;
			sourceTree = "<group>";
		};
		0F45F6062E51826600AF175E /* Components */ = {
			isa = PBXGroup;
			children = (
				0F45F6042E51818400AF175E /* YearMonthPicker.swift */,
			);
			path = Components;
			sourceTree = "<group>";
		};
		3506905E2E49A878008FED38 = {
			isa = PBXGroup;
			children = (
				350690852E49AD5B008FED38 /* Remembrance */,
				350690682E49A879008FED38 /* Products */,
				69828C4C2E51DDEB00DA9287 /* Recovered References */,
			);
			sourceTree = "<group>";
		};
		350690682E49A879008FED38 /* Products */ = {
			isa = PBXGroup;
			children = (
				350690672E49A879008FED38 /* Remembrance.app */,
			);
			name = Products;
			sourceTree = "<group>";
		};
		3506907F2E49AD5B008FED38 /* OnBoarding */ = {
			isa = PBXGroup;
			children = (
				3506908F2E49BB53008FED38 /* OnBoardingView.swift */,
			);
			path = OnBoarding;
			sourceTree = "<group>";
		};
		350690802E49AD5B008FED38 /* Setting */ = {
			isa = PBXGroup;
			children = (
				3506908B2E49B94D008FED38 /* SettingView.swift */,
			);
			path = Setting;
			sourceTree = "<group>";
		};
		350690852E49AD5B008FED38 /* Remembrance */ = {
			isa = PBXGroup;
			children = (
				6991FF662E52FECF00D09FC9 /* Utils */,
				6991FF622E52F29E00D09FC9 /* Extention.swift */,
				350690C62E4C1CB8008FED38 /* Model */,
				3506908A2E49B62C008FED38 /* Main */,
				350690942E49C645008FED38 /* ContentList */,
				3506907F2E49AD5B008FED38 /* OnBoarding */,
				350690802E49AD5B008FED38 /* Setting */,
				0F45F6062E51826600AF175E /* Components */,
				350690822E49AD5B008FED38 /* Assets.xcassets */,
				350690842E49AD5B008FED38 /* RemembranceApp.swift */,
			);
			path = Remembrance;
			sourceTree = "<group>";
		};
		3506908A2E49B62C008FED38 /* Main */ = {
			isa = PBXGroup;
			children = (
				350690832E49AD5B008FED38 /* HomeView.swift */,
			);
			path = Main;
			sourceTree = "<group>";
		};
		350690942E49C645008FED38 /* ContentList */ = {
			isa = PBXGroup;
			children = (
				0F45F6022E51807300AF175E /* ContentHeaderView.swift */,
				350690972E49C658008FED38 /* ContentListView.swift */,
				0F45F5EC2E517C6900AF175E /* LogMilestone */,
				0F45F5ED2E517C9E00AF175E /* LogChart */,
				0F45F5EB2E517C6500AF175E /* LogList */,
				6B90391C2E4AD57C006ED1DA /* NewLogView.swift */,
				350690992E49CF17008FED38 /* ListDetailView.swift */,
			);
			path = ContentList;
			sourceTree = "<group>";
		};
		350690C62E4C1CB8008FED38 /* Model */ = {
			isa = PBXGroup;
			children = (
				6991FF602E52EBD700D09FC9 /* Emotion.swift */,
				0F7CC7A52E509B820042DA79 /* EmojisSeed.swift */,
				350690C52E4C1CB8008FED38 /* LogModel.swift */,
			);
			path = Model;
			sourceTree = "<group>";
		};
		69828C4C2E51DDEB00DA9287 /* Recovered References */ = {
			isa = PBXGroup;
			children = (
			);
			name = "Recovered References";
			sourceTree = "<group>";
		};
		6991FF662E52FECF00D09FC9 /* Utils */ = {
			isa = PBXGroup;
			children = (
				6991FF672E52FF2E00D09FC9 /* ThemeManager.swift */,
				6991FF642E52F40600D09FC9 /* ThemeUtils.swift */,
			);
			path = Utils;
			sourceTree = "<group>";
		};
/* End PBXGroup section */

/* Begin PBXNativeTarget section */
		350690662E49A879008FED38 /* Remembrance */ = {
			isa = PBXNativeTarget;
			buildConfigurationList = 350690722E49A87A008FED38 /* Build configuration list for PBXNativeTarget "Remembrance" */;
			buildPhases = (
				350690632E49A879008FED38 /* Sources */,
				350690642E49A879008FED38 /* Frameworks */,
				350690652E49A879008FED38 /* Resources */,
			);
			buildRules = (
			);
			dependencies = (
			);
			name = Remembrance;
			packageProductDependencies = (
			);
			productName = Remembrance;
			productReference = 350690672E49A879008FED38 /* Remembrance.app */;
			productType = "com.apple.product-type.application";
		};
/* End PBXNativeTarget section */

/* Begin PBXProject section */
		3506905F2E49A878008FED38 /* Project object */ = {
			isa = PBXProject;
			attributes = {
				BuildIndependentTargetsInParallel = 1;
				LastSwiftUpdateCheck = 1640;
				LastUpgradeCheck = 1640;
				TargetAttributes = {
					350690662E49A879008FED38 = {
						CreatedOnToolsVersion = 16.4;
					};
				};
			};
			buildConfigurationList = 350690622E49A878008FED38 /* Build configuration list for PBXProject "Remembrance" */;
			developmentRegion = en;
			hasScannedForEncodings = 0;
			knownRegions = (
				en,
				Base,
			);
			mainGroup = 3506905E2E49A878008FED38;
			minimizedProjectReferenceProxies = 1;
			preferredProjectObjectVersion = 77;
			productRefGroup = 350690682E49A879008FED38 /* Products */;
			projectDirPath = "";
			projectRoot = "";
			targets = (
				350690662E49A879008FED38 /* Remembrance */,
			);
		};
/* End PBXProject section */

/* Begin PBXResourcesBuildPhase section */
		350690652E49A879008FED38 /* Resources */ = {
			isa = PBXResourcesBuildPhase;
			buildActionMask = 2147483647;
			files = (
				350690862E49AD5B008FED38 /* Assets.xcassets in Resources */,
			);
			runOnlyForDeploymentPostprocessing = 0;
		};
/* End PBXResourcesBuildPhase section */

/* Begin PBXSourcesBuildPhase section */
		350690632E49A879008FED38 /* Sources */ = {
			isa = PBXSourcesBuildPhase;
			buildActionMask = 2147483647;
			files = (
				6991FF682E52FF3400D09FC9 /* ThemeManager.swift in Sources */,
				0F45F5FD2E517FB800AF175E /* LogMilestoneHeaderView.swift in Sources */,
				3506908C2E49B94D008FED38 /* SettingView.swift in Sources */,
				0F45F5F92E517E1E00AF175E /* LogRowView.swift in Sources */,
				0F45F5F72E517DF700AF175E /* LogListSectionView.swift in Sources */,
				350690C72E4C1CB8008FED38 /* LogModel.swift in Sources */,
				0F45F6012E51804F00AF175E /* LogChartView.swift in Sources */,
				6991FF652E52F41900D09FC9 /* ThemeUtils.swift in Sources */,
				0F7CC7A62E509B8F0042DA79 /* EmojisSeed.swift in Sources */,
				6991FF612E52EBF000D09FC9 /* Emotion.swift in Sources */,
				0F45F5FB2E517F8700AF175E /* LogMilestoneSectionView.swift in Sources */,
				350690982E49C658008FED38 /* ContentListView.swift in Sources */,
				0F45F6052E51819100AF175E /* YearMonthPicker.swift in Sources */,
				6B90391D2E4AD57C006ED1DA /* NewLogView.swift in Sources */,
				6991FF632E52F2A200D09FC9 /* Extention.swift in Sources */,
				350690872E49AD5B008FED38 /* HomeView.swift in Sources */,
				0F45F5FF2E51802100AF175E /* LogChartHeaderView.swift in Sources */,
				0F45F5F12E517D3800AF175E /* LogListHeaderView.swift in Sources */,
				0F45F6032E51807B00AF175E /* ContentHeaderView.swift in Sources */,
				350690902E49BB53008FED38 /* OnBoardingView.swift in Sources */,
				350690882E49AD5B008FED38 /* RemembranceApp.swift in Sources */,
				3506909A2E49CF17008FED38 /* ListDetailView.swift in Sources */,
			);
			runOnlyForDeploymentPostprocessing = 0;
		};
/* End PBXSourcesBuildPhase section */

/* Begin XCBuildConfiguration section */
		350690702E49A87A008FED38 /* Debug */ = {
			isa = XCBuildConfiguration;
			buildSettings = {
				ALWAYS_SEARCH_USER_PATHS = NO;
				ASSETCATALOG_COMPILER_GENERATE_SWIFT_ASSET_SYMBOL_EXTENSIONS = YES;
				CLANG_ANALYZER_NONNULL = YES;
				CLANG_ANALYZER_NUMBER_OBJECT_CONVERSION = YES_AGGRESSIVE;
				CLANG_CXX_LANGUAGE_STANDARD = "gnu++20";
				CLANG_ENABLE_MODULES = YES;
				CLANG_ENABLE_OBJC_ARC = YES;
				CLANG_ENABLE_OBJC_WEAK = YES;
				CLANG_WARN_BLOCK_CAPTURE_AUTORELEASING = YES;
				CLANG_WARN_BOOL_CONVERSION = YES;
				CLANG_WARN_COMMA = YES;
				CLANG_WARN_CONSTANT_CONVERSION = YES;
				CLANG_WARN_DEPRECATED_OBJC_IMPLEMENTATIONS = YES;
				CLANG_WARN_DIRECT_OBJC_ISA_USAGE = YES_ERROR;
				CLANG_WARN_DOCUMENTATION_COMMENTS = YES;
				CLANG_WARN_EMPTY_BODY = YES;
				CLANG_WARN_ENUM_CONVERSION = YES;
				CLANG_WARN_INFINITE_RECURSION = YES;
				CLANG_WARN_INT_CONVERSION = YES;
				CLANG_WARN_NON_LITERAL_NULL_CONVERSION = YES;
				CLANG_WARN_OBJC_IMPLICIT_RETAIN_SELF = YES;
				CLANG_WARN_OBJC_LITERAL_CONVERSION = YES;
				CLANG_WARN_OBJC_ROOT_CLASS = YES_ERROR;
				CLANG_WARN_QUOTED_INCLUDE_IN_FRAMEWORK_HEADER = YES;
				CLANG_WARN_RANGE_LOOP_ANALYSIS = YES;
				CLANG_WARN_STRICT_PROTOTYPES = YES;
				CLANG_WARN_SUSPICIOUS_MOVE = YES;
				CLANG_WARN_UNGUARDED_AVAILABILITY = YES_AGGRESSIVE;
				CLANG_WARN_UNREACHABLE_CODE = YES;
				CLANG_WARN__DUPLICATE_METHOD_MATCH = YES;
				COPY_PHASE_STRIP = NO;
				DEBUG_INFORMATION_FORMAT = dwarf;
				ENABLE_STRICT_OBJC_MSGSEND = YES;
				ENABLE_TESTABILITY = YES;
				ENABLE_USER_SCRIPT_SANDBOXING = YES;
				GCC_C_LANGUAGE_STANDARD = gnu17;
				GCC_DYNAMIC_NO_PIC = NO;
				GCC_NO_COMMON_BLOCKS = YES;
				GCC_OPTIMIZATION_LEVEL = 0;
				GCC_PREPROCESSOR_DEFINITIONS = (
					"DEBUG=1",
					"$(inherited)",
				);
				GCC_WARN_64_TO_32_BIT_CONVERSION = YES;
				GCC_WARN_ABOUT_RETURN_TYPE = YES_ERROR;
				GCC_WARN_UNDECLARED_SELECTOR = YES;
				GCC_WARN_UNINITIALIZED_AUTOS = YES_AGGRESSIVE;
				GCC_WARN_UNUSED_FUNCTION = YES;
				GCC_WARN_UNUSED_VARIABLE = YES;
				IPHONEOS_DEPLOYMENT_TARGET = 18.5;
				LOCALIZATION_PREFERS_STRING_CATALOGS = YES;
				MTL_ENABLE_DEBUG_INFO = INCLUDE_SOURCE;
				MTL_FAST_MATH = YES;
				ONLY_ACTIVE_ARCH = YES;
				SDKROOT = iphoneos;
				SWIFT_ACTIVE_COMPILATION_CONDITIONS = "DEBUG $(inherited)";
				SWIFT_OPTIMIZATION_LEVEL = "-Onone";
			};
			name = Debug;
		};
		350690712E49A87A008FED38 /* Release */ = {
			isa = XCBuildConfiguration;
			buildSettings = {
				ALWAYS_SEARCH_USER_PATHS = NO;
				ASSETCATALOG_COMPILER_GENERATE_SWIFT_ASSET_SYMBOL_EXTENSIONS = YES;
				CLANG_ANALYZER_NONNULL = YES;
				CLANG_ANALYZER_NUMBER_OBJECT_CONVERSION = YES_AGGRESSIVE;
				CLANG_CXX_LANGUAGE_STANDARD = "gnu++20";
				CLANG_ENABLE_MODULES = YES;
				CLANG_ENABLE_OBJC_ARC = YES;
				CLANG_ENABLE_OBJC_WEAK = YES;
				CLANG_WARN_BLOCK_CAPTURE_AUTORELEASING = YES;
				CLANG_WARN_BOOL_CONVERSION = YES;
				CLANG_WARN_COMMA = YES;
				CLANG_WARN_CONSTANT_CONVERSION = YES;
				CLANG_WARN_DEPRECATED_OBJC_IMPLEMENTATIONS = YES;
				CLANG_WARN_DIRECT_OBJC_ISA_USAGE = YES_ERROR;
				CLANG_WARN_DOCUMENTATION_COMMENTS = YES;
				CLANG_WARN_EMPTY_BODY = YES;
				CLANG_WARN_ENUM_CONVERSION = YES;
				CLANG_WARN_INFINITE_RECURSION = YES;
				CLANG_WARN_INT_CONVERSION = YES;
				CLANG_WARN_NON_LITERAL_NULL_CONVERSION = YES;
				CLANG_WARN_OBJC_IMPLICIT_RETAIN_SELF = YES;
				CLANG_WARN_OBJC_LITERAL_CONVERSION = YES;
				CLANG_WARN_OBJC_ROOT_CLASS = YES_ERROR;
				CLANG_WARN_QUOTED_INCLUDE_IN_FRAMEWORK_HEADER = YES;
				CLANG_WARN_RANGE_LOOP_ANALYSIS = YES;
				CLANG_WARN_STRICT_PROTOTYPES = YES;
				CLANG_WARN_SUSPICIOUS_MOVE = YES;
				CLANG_WARN_UNGUARDED_AVAILABILITY = YES_AGGRESSIVE;
				CLANG_WARN_UNREACHABLE_CODE = YES;
				CLANG_WARN__DUPLICATE_METHOD_MATCH = YES;
				COPY_PHASE_STRIP = NO;
				DEBUG_INFORMATION_FORMAT = "dwarf-with-dsym";
				ENABLE_NS_ASSERTIONS = NO;
				ENABLE_STRICT_OBJC_MSGSEND = YES;
				ENABLE_USER_SCRIPT_SANDBOXING = YES;
				GCC_C_LANGUAGE_STANDARD = gnu17;
				GCC_NO_COMMON_BLOCKS = YES;
				GCC_WARN_64_TO_32_BIT_CONVERSION = YES;
				GCC_WARN_ABOUT_RETURN_TYPE = YES_ERROR;
				GCC_WARN_UNDECLARED_SELECTOR = YES;
				GCC_WARN_UNINITIALIZED_AUTOS = YES_AGGRESSIVE;
				GCC_WARN_UNUSED_FUNCTION = YES;
				GCC_WARN_UNUSED_VARIABLE = YES;
				IPHONEOS_DEPLOYMENT_TARGET = 18.5;
				LOCALIZATION_PREFERS_STRING_CATALOGS = YES;
				MTL_ENABLE_DEBUG_INFO = NO;
				MTL_FAST_MATH = YES;
				SDKROOT = iphoneos;
				SWIFT_COMPILATION_MODE = wholemodule;
				VALIDATE_PRODUCT = YES;
			};
			name = Release;
		};
		350690732E49A87A008FED38 /* Debug */ = {
			isa = XCBuildConfiguration;
			buildSettings = {
				ASSETCATALOG_COMPILER_APPICON_NAME = AppIcon;
				ASSETCATALOG_COMPILER_GLOBAL_ACCENT_COLOR_NAME = AccentColor;
				CODE_SIGN_IDENTITY = "Apple Development";
				CODE_SIGN_STYLE = Manual;
				CURRENT_PROJECT_VERSION = 1;
				DEVELOPMENT_TEAM = "";
				ENABLE_PREVIEWS = YES;
				GENERATE_INFOPLIST_FILE = YES;
				INFOPLIST_KEY_UIApplicationSceneManifest_Generation = YES;
				INFOPLIST_KEY_UIApplicationSupportsIndirectInputEvents = YES;
				INFOPLIST_KEY_UILaunchScreen_Generation = YES;
				INFOPLIST_KEY_UISupportedInterfaceOrientations_iPad = "UIInterfaceOrientationPortrait UIInterfaceOrientationPortraitUpsideDown UIInterfaceOrientationLandscapeLeft UIInterfaceOrientationLandscapeRight";
				INFOPLIST_KEY_UISupportedInterfaceOrientations_iPhone = "UIInterfaceOrientationPortrait UIInterfaceOrientationLandscapeLeft UIInterfaceOrientationLandscapeRight";
				LD_RUNPATH_SEARCH_PATHS = (
					"$(inherited)",
					"@executable_path/Frameworks",
				);
				MARKETING_VERSION = 1.0;
				PRODUCT_BUNDLE_IDENTIFIER = com.estiOS4.Remembrance;
				PRODUCT_NAME = "$(TARGET_NAME)";
				PROVISIONING_PROFILE_SPECIFIER = "";
				SWIFT_EMIT_LOC_STRINGS = YES;
				SWIFT_VERSION = 5.0;
				TARGETED_DEVICE_FAMILY = "1,2";
			};
			name = Debug;
		};
		350690742E49A87A008FED38 /* Release */ = {
			isa = XCBuildConfiguration;
			buildSettings = {
				ASSETCATALOG_COMPILER_APPICON_NAME = AppIcon;
				ASSETCATALOG_COMPILER_GLOBAL_ACCENT_COLOR_NAME = AccentColor;
				CODE_SIGN_IDENTITY = "Apple Development";
				CODE_SIGN_STYLE = Manual;
				CURRENT_PROJECT_VERSION = 1;
				DEVELOPMENT_TEAM = "";
				ENABLE_PREVIEWS = YES;
				GENERATE_INFOPLIST_FILE = YES;
				INFOPLIST_KEY_UIApplicationSceneManifest_Generation = YES;
				INFOPLIST_KEY_UIApplicationSupportsIndirectInputEvents = YES;
				INFOPLIST_KEY_UILaunchScreen_Generation = YES;
				INFOPLIST_KEY_UISupportedInterfaceOrientations_iPad = "UIInterfaceOrientationPortrait UIInterfaceOrientationPortraitUpsideDown UIInterfaceOrientationLandscapeLeft UIInterfaceOrientationLandscapeRight";
				INFOPLIST_KEY_UISupportedInterfaceOrientations_iPhone = "UIInterfaceOrientationPortrait UIInterfaceOrientationLandscapeLeft UIInterfaceOrientationLandscapeRight";
				LD_RUNPATH_SEARCH_PATHS = (
					"$(inherited)",
					"@executable_path/Frameworks",
				);
				MARKETING_VERSION = 1.0;
				PRODUCT_BUNDLE_IDENTIFIER = com.estiOS4.Remembrance;
				PRODUCT_NAME = "$(TARGET_NAME)";
				PROVISIONING_PROFILE_SPECIFIER = "";
				SWIFT_EMIT_LOC_STRINGS = YES;
				SWIFT_VERSION = 5.0;
				TARGETED_DEVICE_FAMILY = "1,2";
			};
			name = Release;
		};
/* End XCBuildConfiguration section */

/* Begin XCConfigurationList section */
		350690622E49A878008FED38 /* Build configuration list for PBXProject "Remembrance" */ = {
			isa = XCConfigurationList;
			buildConfigurations = (
				350690702E49A87A008FED38 /* Debug */,
				350690712E49A87A008FED38 /* Release */,
			);
			defaultConfigurationIsVisible = 0;
			defaultConfigurationName = Release;
		};
		350690722E49A87A008FED38 /* Build configuration list for PBXNativeTarget "Remembrance" */ = {
			isa = XCConfigurationList;
			buildConfigurations = (
				350690732E49A87A008FED38 /* Debug */,
				350690742E49A87A008FED38 /* Release */,
			);
			defaultConfigurationIsVisible = 0;
			defaultConfigurationName = Release;
		};
/* End XCConfigurationList section */
	};
	rootObject = 3506905F2E49A878008FED38 /* Project object */;
}
